
Microsoft Visual Studio Solution File, Format Version 12.00
# Visual Studio Version 17
VisualStudioVersion = 17.2.32516.85
MinimumVisualStudioVersion = 10.0.40219.1
Project("{FAE04EC0-301F-11D3-BF4B-00C04F79EFBC}") = "CSharpWorkBook", "CSharpWorkBook\CSharpWorkBook.csproj", "{4F0E0645-A1A7-4D4A-89DC-0F921CE8340A}"
EndProject
Project("{FAE04EC0-301F-11D3-BF4B-00C04F79EFBC}") = "GreetingMorning", "GreetingMorning\GreetingMorning.csproj", "{6FFE6E9C-3702-4F18-855E-449A6E522BE1}"
EndProject
Project("{FAE04EC0-301F-11D3-BF4B-00C04F79EFBC}") = "Polymorphism", "Polymorphism\Polymorphism.csproj", "{B6260EA3-FD1A-4FA6-A9E4-B5BEF595BAFF}"
EndProject
Project("{FAE04EC0-301F-11D3-BF4B-00C04F79EFBC}") = "SportsClass", "SportsClass\SportsClass.csproj", "{1E549314-763F-4375-8283-B625235CA352}"
EndProject
Global
	GlobalSection(SolutionConfigurationPlatforms) = preSolution
		Debug|Any CPU = Debug|Any CPU
		Debug|x86 = Debug|x86
		Release|Any CPU = Release|Any CPU
		Release|x86 = Release|x86
	EndGlobalSection
	GlobalSection(ProjectConfigurationPlatforms) = postSolution
		{4F0E0645-A1A7-4D4A-89DC-0F921CE8340A}.Debug|Any CPU.ActiveCfg = Debug|Any CPU
		{4F0E0645-A1A7-4D4A-89DC-0F921CE8340A}.Debug|Any CPU.Build.0 = Debug|Any CPU
		{4F0E0645-A1A7-4D4A-89DC-0F921CE8340A}.Debug|x86.ActiveCfg = Debug|Any CPU
		{4F0E0645-A1A7-4D4A-89DC-0F921CE8340A}.Debug|x86.Build.0 = Debug|Any CPU
		{4F0E0645-A1A7-4D4A-89DC-0F921CE8340A}.Release|Any CPU.ActiveCfg = Release|Any CPU
		{4F0E0645-A1A7-4D4A-89DC-0F921CE8340A}.Release|Any CPU.Build.0 = Release|Any CPU
		{4F0E0645-A1A7-4D4A-89DC-0F921CE8340A}.Release|x86.ActiveCfg = Release|Any CPU
		{4F0E0645-A1A7-4D4A-89DC-0F921CE8340A}.Release|x86.Build.0 = Release|Any CPU
		{6FFE6E9C-3702-4F18-855E-449A6E522BE1}.Debug|Any CPU.ActiveCfg = Debug|Any CPU
		{6FFE6E9C-3702-4F18-855E-449A6E522BE1}.Debug|Any CPU.Build.0 = Debug|Any CPU
		{6FFE6E9C-3702-4F18-855E-449A6E522BE1}.Debug|x86.ActiveCfg = Debug|Any CPU
		{6FFE6E9C-3702-4F18-855E-449A6E522BE1}.Debug|x86.Build.0 = Debug|Any CPU
		{6FFE6E9C-3702-4F18-855E-449A6E522BE1}.Release|Any CPU.ActiveCfg = Release|Any CPU
		{6FFE6E9C-3702-4F18-855E-449A6E522BE1}.Release|Any CPU.Build.0 = Release|Any CPU
		{6FFE6E9C-3702-4F18-855E-449A6E522BE1}.Release|x86.ActiveCfg = Release|Any CPU
		{6FFE6E9C-3702-4F18-855E-449A6E522BE1}.Release|x86.Build.0 = Release|Any CPU
		{B6260EA3-FD1A-4FA6-A9E4-B5BEF595BAFF}.Debug|Any CPU.ActiveCfg = Debug|Any CPU
		{B6260EA3-FD1A-4FA6-A9E4-B5BEF595BAFF}.Debug|Any CPU.Build.0 = Debug|Any CPU
		{B6260EA3-FD1A-4FA6-A9E4-B5BEF595BAFF}.Debug|x86.ActiveCfg = Debug|Any CPU
		{B6260EA3-FD1A-4FA6-A9E4-B5BEF595BAFF}.Debug|x86.Build.0 = Debug|Any CPU
		{B6260EA3-FD1A-4FA6-A9E4-B5BEF595BAFF}.Release|Any CPU.ActiveCfg = Release|Any CPU
		{B6260EA3-FD1A-4FA6-A9E4-B5BEF595BAFF}.Release|Any CPU.Build.0 = Release|Any CPU
		{B6260EA3-FD1A-4FA6-A9E4-B5BEF595BAFF}.Release|x86.ActiveCfg = Release|Any CPU
		{B6260EA3-FD1A-4FA6-A9E4-B5BEF595BAFF}.Release|x86.Build.0 = Release|Any CPU
		{1E549314-763F-4375-8283-B625235CA352}.Debug|Any CPU.ActiveCfg = Debug|Any CPU
		{1E549314-763F-4375-8283-B625235CA352}.Debug|Any CPU.Build.0 = Debug|Any CPU
		{1E549314-763F-4375-8283-B625235CA352}.Debug|x86.ActiveCfg = Debug|Any CPU
		{1E549314-763F-4375-8283-B625235CA352}.Debug|x86.Build.0 = Debug|Any CPU
		{1E549314-763F-4375-8283-B625235CA352}.Release|Any CPU.ActiveCfg = Release|Any CPU
		{1E549314-763F-4375-8283-B625235CA352}.Release|Any CPU.Build.0 = Release|Any CPU
		{1E549314-763F-4375-8283-B625235CA352}.Release|x86.ActiveCfg = Release|Any CPU
		{1E549314-763F-4375-8283-B625235CA352}.Release|x86.Build.0 = Release|Any CPU
	EndGlobalSection
	GlobalSection(SolutionProperties) = preSolution
		HideSolutionNode = FALSE
	EndGlobalSection
	GlobalSection(ExtensibilityGlobals) = postSolution
		SolutionGuid = {167DF19C-1764-49F0-936A-4E1CE8573F0C}
	EndGlobalSection
EndGlobal
